
Microsoft Visual Studio Solution File, Format Version 12.00
# Visual Studio Version 16
VisualStudioVersion = 16.0.31205.134
MinimumVisualStudioVersion = 10.0.40219.1
Project("{FAE04EC0-301F-11D3-BF4B-00C04F79EFBC}") = "MSIT141jQueryWeb", "MSIT141jQueryWeb\MSIT141jQueryWeb.csproj", "{8F683BA0-F192-4632-ACDD-052B5D4EE38B}"
EndProject
Global
	GlobalSection(SolutionConfigurationPlatforms) = preSolution
		Debug|Any CPU = Debug|Any CPU
		Release|Any CPU = Release|Any CPU
	EndGlobalSection
	GlobalSection(ProjectConfigurationPlatforms) = postSolution
		{8F683BA0-F192-4632-ACDD-052B5D4EE38B}.Debug|Any CPU.ActiveCfg = Debug|Any CPU
		{8F683BA0-F192-4632-ACDD-052B5D4EE38B}.Debug|Any CPU.Build.0 = Debug|Any CPU
		{8F683BA0-F192-4632-ACDD-052B5D4EE38B}.Release|Any CPU.ActiveCfg = Release|Any CPU
		{8F683BA0-F192-4632-ACDD-052B5D4EE38B}.Release|Any CPU.Build.0 = Release|Any CPU
	EndGlobalSection
	GlobalSection(SolutionProperties) = preSolution
		HideSolutionNode = FALSE
	EndGlobalSection
	GlobalSection(ExtensibilityGlobals) = postSolution
		SolutionGuid = {48C4C43A-2D20-4D9D-8960-3938FE497982}
	EndGlobalSection
EndGlobal
